
Microsoft Visual Studio Solution File, Format Version 12.00
# Visual Studio Version 16
VisualStudioVersion = 16.0.32106.194
MinimumVisualStudioVersion = 10.0.40219.1
Project("{FAE04EC0-301F-11D3-BF4B-00C04F79EFBC}") = "Assignments", "Assignments\Assignments.csproj", "{A576B7A8-3873-42A0-8456-C2D8E61D6462}"
EndProject
Global
	GlobalSection(SolutionConfigurationPlatforms) = preSolution
		Debug|Any CPU = Debug|Any CPU
		Release|Any CPU = Release|Any CPU
	EndGlobalSection
	GlobalSection(ProjectConfigurationPlatforms) = postSolution
		{A576B7A8-3873-42A0-8456-C2D8E61D6462}.Debug|Any CPU.ActiveCfg = Debug|Any CPU
		{A576B7A8-3873-42A0-8456-C2D8E61D6462}.Debug|Any CPU.Build.0 = Debug|Any CPU
		{A576B7A8-3873-42A0-8456-C2D8E61D6462}.Release|Any CPU.ActiveCfg = Release|Any CPU
		{A576B7A8-3873-42A0-8456-C2D8E61D6462}.Release|Any CPU.Build.0 = Release|Any CPU
	EndGlobalSection
	GlobalSection(SolutionProperties) = preSolution
		HideSolutionNode = FALSE
	EndGlobalSection
	GlobalSection(ExtensibilityGlobals) = postSolution
		SolutionGuid = {A5B937AE-4154-47B2-B638-1F12F583096A}
	EndGlobalSection
EndGlobal
